{
  "name": "what-card-is-that",
  "lockfileVersion": 2,
  "requires": true,
  "packages": {
    "": {
      "dependencies": {
        "chrome-types": "^0.1.173"
      }
    },
    "node_modules/chrome-types": {
      "version": "0.1.173",
      "resolved": "https://registry.npmjs.org/chrome-types/-/chrome-types-0.1.173.tgz",
      "integrity": "sha512-MeOP6kSxThIpsloRr623K4CFzvXga87V4S+r3BGs1EkefSMP6IqilbOvKeqOAkIMaSMDz9dXkkIDS/0B4/Xw7A=="
    }
  },
  "dependencies": {
    "chrome-types": {
      "version": "0.1.173",
      "resolved": "https://registry.npmjs.org/chrome-types/-/chrome-types-0.1.173.tgz",
      "integrity": "sha512-MeOP6kSxThIpsloRr623K4CFzvXga87V4S+r3BGs1EkefSMP6IqilbOvKeqOAkIMaSMDz9dXkkIDS/0B4/Xw7A=="
    }
  }
}
